
Microsoft Visual Studio Solution File, Format Version 12.00
# Visual Studio 14
VisualStudioVersion = 14.0.25420.1
MinimumVisualStudioVersion = 10.0.40219.1
Project("{FAE04EC0-301F-11D3-BF4B-00C04F79EFBC}") = "Web.UI", "WebApplication2\Web.UI.csproj", "{9A82AD1D-5544-4AE1-BF51-7FB5C00CD7F0}"
EndProject
Project("{FAE04EC0-301F-11D3-BF4B-00C04F79EFBC}") = "RS.DataModel", "RS.DataModel\RS.DataModel.csproj", "{3F37FAC3-40A9-4136-A499-31C431EBA874}"
EndProject
Project("{FAE04EC0-301F-11D3-BF4B-00C04F79EFBC}") = "RS.DataAccessLayer", "RS.DataAccessLayer\RS.DataAccessLayer.csproj", "{339E515A-E47D-4B15-85C0-42C02C0C9E49}"
EndProject
Project("{FAE04EC0-301F-11D3-BF4B-00C04F79EFBC}") = "RS.BusinessLogicLayer", "RS.BusinessLogicLayer\RS.BusinessLogicLayer.csproj", "{8981825A-AD81-4C89-B9F8-D0401F232DC6}"
EndProject
Global
	GlobalSection(SolutionConfigurationPlatforms) = preSolution
		Debug|Any CPU = Debug|Any CPU
		Release|Any CPU = Release|Any CPU
	EndGlobalSection
	GlobalSection(ProjectConfigurationPlatforms) = postSolution
		{9A82AD1D-5544-4AE1-BF51-7FB5C00CD7F0}.Debug|Any CPU.ActiveCfg = Debug|Any CPU
		{9A82AD1D-5544-4AE1-BF51-7FB5C00CD7F0}.Debug|Any CPU.Build.0 = Debug|Any CPU
		{9A82AD1D-5544-4AE1-BF51-7FB5C00CD7F0}.Release|Any CPU.ActiveCfg = Release|Any CPU
		{9A82AD1D-5544-4AE1-BF51-7FB5C00CD7F0}.Release|Any CPU.Build.0 = Release|Any CPU
		{3F37FAC3-40A9-4136-A499-31C431EBA874}.Debug|Any CPU.ActiveCfg = Debug|Any CPU
		{3F37FAC3-40A9-4136-A499-31C431EBA874}.Debug|Any CPU.Build.0 = Debug|Any CPU
		{3F37FAC3-40A9-4136-A499-31C431EBA874}.Release|Any CPU.ActiveCfg = Release|Any CPU
		{3F37FAC3-40A9-4136-A499-31C431EBA874}.Release|Any CPU.Build.0 = Release|Any CPU
		{339E515A-E47D-4B15-85C0-42C02C0C9E49}.Debug|Any CPU.ActiveCfg = Debug|Any CPU
		{339E515A-E47D-4B15-85C0-42C02C0C9E49}.Debug|Any CPU.Build.0 = Debug|Any CPU
		{339E515A-E47D-4B15-85C0-42C02C0C9E49}.Release|Any CPU.ActiveCfg = Release|Any CPU
		{339E515A-E47D-4B15-85C0-42C02C0C9E49}.Release|Any CPU.Build.0 = Release|Any CPU
		{8981825A-AD81-4C89-B9F8-D0401F232DC6}.Debug|Any CPU.ActiveCfg = Debug|Any CPU
		{8981825A-AD81-4C89-B9F8-D0401F232DC6}.Debug|Any CPU.Build.0 = Debug|Any CPU
		{8981825A-AD81-4C89-B9F8-D0401F232DC6}.Release|Any CPU.ActiveCfg = Release|Any CPU
		{8981825A-AD81-4C89-B9F8-D0401F232DC6}.Release|Any CPU.Build.0 = Release|Any CPU
	EndGlobalSection
	GlobalSection(SolutionProperties) = preSolution
		HideSolutionNode = FALSE
	EndGlobalSection
EndGlobal
